
Microsoft Visual Studio Solution File, Format Version 12.00
# Visual Studio 2013
VisualStudioVersion = 12.0.30501.0
MinimumVisualStudioVersion = 10.0.40219.1
Project("{FAE04EC0-301F-11D3-BF4B-00C04F79EFBC}") = "EvolutionaryOptimization", "GeneticAlgorithm\EvolutionaryOptimization.csproj", "{D4025677-E3A7-4C45-8675-38D6D22E809D}"
EndProject
Project("{FAE04EC0-301F-11D3-BF4B-00C04F79EFBC}") = "FuzzyRuleBase", "FuzzyRuleBase\FuzzyRuleBase.csproj", "{FA797359-D3E2-4323-B797-2C7390661091}"
EndProject
Project("{FAE04EC0-301F-11D3-BF4B-00C04F79EFBC}") = "GeneticFuzzyModel", "GeneticFuzzyModel\GeneticFuzzyModel.csproj", "{2FF3AF57-CFD5-4C0C-BD17-1228C9BBE5C8}"
EndProject
Project("{FAE04EC0-301F-11D3-BF4B-00C04F79EFBC}") = "ModellingTools", "Modelling\ModellingTools.csproj", "{0B4D78BA-28EE-448B-9F74-9B4D6C06D4C2}"
EndProject
Project("{FAE04EC0-301F-11D3-BF4B-00C04F79EFBC}") = "GeneticFuzzyModelTest", "GeneticFuzzyModelTest\GeneticFuzzyModelTest.csproj", "{2C6E432A-CF11-4D57-AF7F-AD1AFE286FE4}"
EndProject
Project("{FAE04EC0-301F-11D3-BF4B-00C04F79EFBC}") = "GAtest", "GAtest\GAtest.csproj", "{DC789E0B-0DDE-496E-AAD8-EF91D4C974CC}"
EndProject
Project("{FAE04EC0-301F-11D3-BF4B-00C04F79EFBC}") = "LogRegTest", "LogRegTest\LogRegTest.csproj", "{EB07DED9-A0AB-4AFB-BD2C-7D1BE71D77F8}"
EndProject
Project("{FAE04EC0-301F-11D3-BF4B-00C04F79EFBC}") = "CalibrationCurveTest", "CalibrationCurveTest\CalibrationCurveTest.csproj", "{76655ACD-E29A-4DD4-9617-8442B0D94270}"
EndProject
Project("{FAE04EC0-301F-11D3-BF4B-00C04F79EFBC}") = "DecisionTreeTest", "DecisionTreeTest\DecisionTreeTest.csproj", "{E44279A1-E159-4ECF-A74E-72DBCC6EA213}"
EndProject
Global
	GlobalSection(SolutionConfigurationPlatforms) = preSolution
		Debug|Any CPU = Debug|Any CPU
		Release|Any CPU = Release|Any CPU
	EndGlobalSection
	GlobalSection(ProjectConfigurationPlatforms) = postSolution
		{D4025677-E3A7-4C45-8675-38D6D22E809D}.Debug|Any CPU.ActiveCfg = Debug|Any CPU
		{D4025677-E3A7-4C45-8675-38D6D22E809D}.Debug|Any CPU.Build.0 = Debug|Any CPU
		{D4025677-E3A7-4C45-8675-38D6D22E809D}.Release|Any CPU.ActiveCfg = Release|Any CPU
		{D4025677-E3A7-4C45-8675-38D6D22E809D}.Release|Any CPU.Build.0 = Release|Any CPU
		{FA797359-D3E2-4323-B797-2C7390661091}.Debug|Any CPU.ActiveCfg = Debug|Any CPU
		{FA797359-D3E2-4323-B797-2C7390661091}.Debug|Any CPU.Build.0 = Debug|Any CPU
		{FA797359-D3E2-4323-B797-2C7390661091}.Release|Any CPU.ActiveCfg = Release|Any CPU
		{FA797359-D3E2-4323-B797-2C7390661091}.Release|Any CPU.Build.0 = Release|Any CPU
		{2FF3AF57-CFD5-4C0C-BD17-1228C9BBE5C8}.Debug|Any CPU.ActiveCfg = Debug|Any CPU
		{2FF3AF57-CFD5-4C0C-BD17-1228C9BBE5C8}.Debug|Any CPU.Build.0 = Debug|Any CPU
		{2FF3AF57-CFD5-4C0C-BD17-1228C9BBE5C8}.Release|Any CPU.ActiveCfg = Release|Any CPU
		{2FF3AF57-CFD5-4C0C-BD17-1228C9BBE5C8}.Release|Any CPU.Build.0 = Release|Any CPU
		{0B4D78BA-28EE-448B-9F74-9B4D6C06D4C2}.Debug|Any CPU.ActiveCfg = Debug|Any CPU
		{0B4D78BA-28EE-448B-9F74-9B4D6C06D4C2}.Debug|Any CPU.Build.0 = Debug|Any CPU
		{0B4D78BA-28EE-448B-9F74-9B4D6C06D4C2}.Release|Any CPU.ActiveCfg = Release|Any CPU
		{0B4D78BA-28EE-448B-9F74-9B4D6C06D4C2}.Release|Any CPU.Build.0 = Release|Any CPU
		{2C6E432A-CF11-4D57-AF7F-AD1AFE286FE4}.Debug|Any CPU.ActiveCfg = Debug|Any CPU
		{2C6E432A-CF11-4D57-AF7F-AD1AFE286FE4}.Debug|Any CPU.Build.0 = Debug|Any CPU
		{2C6E432A-CF11-4D57-AF7F-AD1AFE286FE4}.Release|Any CPU.ActiveCfg = Release|Any CPU
		{2C6E432A-CF11-4D57-AF7F-AD1AFE286FE4}.Release|Any CPU.Build.0 = Release|Any CPU
		{DC789E0B-0DDE-496E-AAD8-EF91D4C974CC}.Debug|Any CPU.ActiveCfg = Debug|Any CPU
		{DC789E0B-0DDE-496E-AAD8-EF91D4C974CC}.Debug|Any CPU.Build.0 = Debug|Any CPU
		{DC789E0B-0DDE-496E-AAD8-EF91D4C974CC}.Release|Any CPU.ActiveCfg = Release|Any CPU
		{DC789E0B-0DDE-496E-AAD8-EF91D4C974CC}.Release|Any CPU.Build.0 = Release|Any CPU
		{EB07DED9-A0AB-4AFB-BD2C-7D1BE71D77F8}.Debug|Any CPU.ActiveCfg = Debug|Any CPU
		{EB07DED9-A0AB-4AFB-BD2C-7D1BE71D77F8}.Debug|Any CPU.Build.0 = Debug|Any CPU
		{EB07DED9-A0AB-4AFB-BD2C-7D1BE71D77F8}.Release|Any CPU.ActiveCfg = Release|Any CPU
		{EB07DED9-A0AB-4AFB-BD2C-7D1BE71D77F8}.Release|Any CPU.Build.0 = Release|Any CPU
		{76655ACD-E29A-4DD4-9617-8442B0D94270}.Debug|Any CPU.ActiveCfg = Debug|Any CPU
		{76655ACD-E29A-4DD4-9617-8442B0D94270}.Debug|Any CPU.Build.0 = Debug|Any CPU
		{76655ACD-E29A-4DD4-9617-8442B0D94270}.Release|Any CPU.ActiveCfg = Release|Any CPU
		{76655ACD-E29A-4DD4-9617-8442B0D94270}.Release|Any CPU.Build.0 = Release|Any CPU
		{E44279A1-E159-4ECF-A74E-72DBCC6EA213}.Debug|Any CPU.ActiveCfg = Debug|Any CPU
		{E44279A1-E159-4ECF-A74E-72DBCC6EA213}.Debug|Any CPU.Build.0 = Debug|Any CPU
		{E44279A1-E159-4ECF-A74E-72DBCC6EA213}.Release|Any CPU.ActiveCfg = Release|Any CPU
		{E44279A1-E159-4ECF-A74E-72DBCC6EA213}.Release|Any CPU.Build.0 = Release|Any CPU
	EndGlobalSection
	GlobalSection(SolutionProperties) = preSolution
		HideSolutionNode = FALSE
	EndGlobalSection
EndGlobal
